
Microsoft Visual Studio Solution File, Format Version 12.00
# Visual Studio 15
Project("{FAE04EC0-301F-11D3-BF4B-00C04F79EFBC}") = "QNAMakerTestApp", "QNAMakerTestApp\QNAMakerTestApp.csproj", "{85414D9B-0021-4F94-83D5-78FAC7F1E2C3}"
EndProject
Project("{9344BDBB-3E7F-41FC-A0DD-8665D75EE146}") = "QNAMakerDeploy", "QNAMakerDeploy\QNAMakerDeploy.mdproj", "{82285592-24F5-4909-946E-060E48B74C3C}"
EndProject
Project("{2150E333-8FDC-42A3-9474-1A3956D46DE8}") = "Solution Items", "Solution Items", "{C5FC7D78-DBB3-4F75-842C-49A9B0A68B96}"
	ProjectSection(SolutionItems) = preProject
		Readme.md = Readme.md
	EndProjectSection
EndProject
Global
	GlobalSection(SolutionConfigurationPlatforms) = preSolution
		Debug|Any CPU = Debug|Any CPU
		Release|Any CPU = Release|Any CPU
		Default|Any CPU = Default|Any CPU
	EndGlobalSection
	GlobalSection(ProjectConfigurationPlatforms) = postSolution
		{85414D9B-0021-4F94-83D5-78FAC7F1E2C3}.Debug|Any CPU.ActiveCfg = Debug|Any CPU
		{85414D9B-0021-4F94-83D5-78FAC7F1E2C3}.Debug|Any CPU.Build.0 = Debug|Any CPU
		{85414D9B-0021-4F94-83D5-78FAC7F1E2C3}.Release|Any CPU.ActiveCfg = Release|Any CPU
		{85414D9B-0021-4F94-83D5-78FAC7F1E2C3}.Release|Any CPU.Build.0 = Release|Any CPU
		{85414D9B-0021-4F94-83D5-78FAC7F1E2C3}.Default|Any CPU.ActiveCfg = Debug|Any CPU
		{85414D9B-0021-4F94-83D5-78FAC7F1E2C3}.Default|Any CPU.Build.0 = Debug|Any CPU
		{82285592-24F5-4909-946E-060E48B74C3C}.Debug|Any CPU.ActiveCfg = Default|Any CPU
		{82285592-24F5-4909-946E-060E48B74C3C}.Debug|Any CPU.Build.0 = Default|Any CPU
		{82285592-24F5-4909-946E-060E48B74C3C}.Release|Any CPU.ActiveCfg = Default|Any CPU
		{82285592-24F5-4909-946E-060E48B74C3C}.Release|Any CPU.Build.0 = Default|Any CPU
		{82285592-24F5-4909-946E-060E48B74C3C}.Default|Any CPU.ActiveCfg = Default|Any CPU
		{82285592-24F5-4909-946E-060E48B74C3C}.Default|Any CPU.Build.0 = Default|Any CPU
	EndGlobalSection
EndGlobal
